// !$*UTF8*$!
{
	archiveVersion = 1;
	classes = {
	};
	objectVersion = 48;
	objects = {

/* Begin PBXBuildFile section */
		F4E7FAAB1FAB06E200A1F7E0 /* AppDelegate.m in Sources */ = {isa = PBXBuildFile; fileRef = F4E7FAAA1FAB06E200A1F7E0 /* AppDelegate.m */; };
		F4E7FAAE1FAB06E200A1F7E0 /* ViewController.m in Sources */ = {isa = PBXBuildFile; fileRef = F4E7FAAD1FAB06E200A1F7E0 /* ViewController.m */; };
		F4E7FAB11FAB06E200A1F7E0 /* Main.storyboard in Resources */ = {isa = PBXBuildFile; fileRef = F4E7FAAF1FAB06E200A1F7E0 /* Main.storyboard */; };
		F4E7FAB31FAB06E200A1F7E0 /* Assets.xcassets in Resources */ = {isa = PBXBuildFile; fileRef = F4E7FAB21FAB06E200A1F7E0 /* Assets.xcassets */; };
		F4E7FAB61FAB06E200A1F7E0 /* LaunchScreen.storyboard in Resources */ = {isa = PBXBuildFile; fileRef = F4E7FAB41FAB06E200A1F7E0 /* LaunchScreen.storyboard */; };
		F4E7FAB91FAB06E200A1F7E0 /* main.m in Sources */ = {isa = PBXBuildFile; fileRef = F4E7FAB81FAB06E200A1F7E0 /* main.m */; };
		F4E7FAC31FAB06E300A1F7E0 /* FQDemoTests.m in Sources */ = {isa = PBXBuildFile; fileRef = F4E7FAC21FAB06E300A1F7E0 /* FQDemoTests.m */; };
		F4E7FACE1FAB074C00A1F7E0 /* FQFrameWork.framework in Frameworks */ = {isa = PBXBuildFile; fileRef = F4E7FACD1FAB074C00A1F7E0 /* FQFrameWork.framework */; };
		F4E7FAD11FAB21BD00A1F7E0 /* libsqlite3.tbd in Frameworks */ = {isa = PBXBuildFile; fileRef = F4E7FAD01FAB21A900A1F7E0 /* libsqlite3.tbd */; };
/* End PBXBuildFile section */

/* Begin PBXContainerItemProxy section */
		F4E7FABF1FAB06E300A1F7E0 /* PBXContainerItemProxy */ = {
			isa = PBXContainerItemProxy;
			containerPortal = F4E7FA9E1FAB06E200A1F7E0 /* Project object */;
			proxyType = 1;
			remoteGlobalIDString = F4E7FAA51FAB06E200A1F7E0;
			remoteInfo = FQDemo;
		};
/* End PBXContainerItemProxy section */

/* Begin PBXFileReference section */
		F4E7FAA61FAB06E200A1F7E0 /* FQDemo.app */ = {isa = PBXFileReference; explicitFileType = wrapper.application; includeInIndex = 0; path = FQDemo.app; sourceTree = BUILT_PRODUCTS_DIR; };
		F4E7FAA91FAB06E200A1F7E0 /* AppDelegate.h */ = {isa = PBXFileReference; lastKnownFileType = sourcecode.c.h; path = AppDelegate.h; sourceTree = "<group>"; };
		F4E7FAAA1FAB06E200A1F7E0 /* AppDelegate.m */ = {isa = PBXFileReference; lastKnownFileType = sourcecode.c.objc; path = AppDelegate.m; sourceTree = "<group>"; };
		F4E7FAAC1FAB06E200A1F7E0 /* ViewController.h */ = {isa = PBXFileReference; lastKnownFileType = sourcecode.c.h; path = ViewController.h; sourceTree = "<group>"; };
		F4E7FAAD1FAB06E200A1F7E0 /* ViewController.m */ = {isa = PBXFileReference; lastKnownFileType = sourcecode.c.objc; path = ViewController.m; sourceTree = "<group>"; };
		F4E7FAB01FAB06E200A1F7E0 /* Base */ = {isa = PBXFileReference; lastKnownFileType = file.storyboard; name = Base; path = Base.lproj/Main.storyboard; sourceTree = "<group>"; };
		F4E7FAB21FAB06E200A1F7E0 /* Assets.xcassets */ = {isa = PBXFileReference; lastKnownFileType = folder.assetcatalog; path = Assets.xcassets; sourceTree = "<group>"; };
		F4E7FAB51FAB06E200A1F7E0 /* Base */ = {isa = PBXFileReference; lastKnownFileType = file.storyboard; name = Base; path = Base.lproj/LaunchScreen.storyboard; sourceTree = "<group>"; };
		F4E7FAB71FAB06E200A1F7E0 /* Info.plist */ = {isa = PBXFileReference; lastKnownFileType = text.plist.xml; path = Info.plist; sourceTree = "<group>"; };
		F4E7FAB81FAB06E200A1F7E0 /* main.m */ = {isa = PBXFileReference; lastKnownFileType = sourcecode.c.objc; path = main.m; sourceTree = "<group>"; };
		F4E7FABE1FAB06E300A1F7E0 /* FQDemoTests.xctest */ = {isa = PBXFileReference; explicitFileType = wrapper.cfbundle; includeInIndex = 0; path = FQDemoTests.xctest; sourceTree = BUILT_PRODUCTS_DIR; };
		F4E7FAC21FAB06E300A1F7E0 /* FQDemoTests.m */ = {isa = PBXFileReference; lastKnownFileType = sourcecode.c.objc; path = FQDemoTests.m; sourceTree = "<group>"; };
		F4E7FAC41FAB06E300A1F7E0 /* Info.plist */ = {isa = PBXFileReference; lastKnownFileType = text.plist.xml; path = Info.plist; sourceTree = "<group>"; };
		F4E7FACD1FAB074C00A1F7E0 /* FQFrameWork.framework */ = {isa = PBXFileReference; lastKnownFileType = wrapper.framework; path = FQFrameWork.framework; sourceTree = "<group>"; };
		F4E7FAD01FAB21A900A1F7E0 /* libsqlite3.tbd */ = {isa = PBXFileReference; lastKnownFileType = "sourcecode.text-based-dylib-definition"; name = libsqlite3.tbd; path = usr/lib/libsqlite3.tbd; sourceTree = SDKROOT; };
/* End PBXFileReference section */

/* Begin PBXFrameworksBuildPhase section */
		F4E7FAA31FAB06E200A1F7E0 /* Frameworks */ = {
			isa = PBXFrameworksBuildPhase;
			buildActionMask = 2147483647;
			files = (
				F4E7FAD11FAB21BD00A1F7E0 /* libsqlite3.tbd in Frameworks */,
				F4E7FACE1FAB074C00A1F7E0 /* FQFrameWork.framework in Frameworks */,
			);
			runOnlyForDeploymentPostprocessing = 0;
		};
		F4E7FABB1FAB06E300A1F7E0 /* Frameworks */ = {
			isa = PBXFrameworksBuildPhase;
			buildActionMask = 2147483647;
			files = (
			);
			runOnlyForDeploymentPostprocessing = 0;
		};
/* End PBXFrameworksBuildPhase section */

/* Begin PBXGroup section */
		F4E7FA9D1FAB06E200A1F7E0 = {
			isa = PBXGroup;
			children = (
				F4E7FAA81FAB06E200A1F7E0 /* FQDemo */,
				F4E7FAC11FAB06E300A1F7E0 /* FQDemoTests */,
				F4E7FAA71FAB06E200A1F7E0 /* Products */,
				F4E7FACF1FAB07D400A1F7E0 /* Frameworks */,
			);
			sourceTree = "<group>";
		};
		F4E7FAA71FAB06E200A1F7E0 /* Products */ = {
			isa = PBXGroup;
			children = (
				F4E7FAA61FAB06E200A1F7E0 /* FQDemo.app */,
				F4E7FABE1FAB06E300A1F7E0 /* FQDemoTests.xctest */,
			);
			name = Products;
			sourceTree = "<group>";
		};
		F4E7FAA81FAB06E200A1F7E0 /* FQDemo */ = {
			isa = PBXGroup;
			children = (
				F4E7FAA91FAB06E200A1F7E0 /* AppDelegate.h */,
				F4E7FAAA1FAB06E200A1F7E0 /* AppDelegate.m */,
				F4E7FAAC1FAB06E200A1F7E0 /* ViewController.h */,
				F4E7FAAD1FAB06E200A1F7E0 /* ViewController.m */,
				F4E7FAAF1FAB06E200A1F7E0 /* Main.storyboard */,
				F4E7FAB21FAB06E200A1F7E0 /* Assets.xcassets */,
				F4E7FAB41FAB06E200A1F7E0 /* LaunchScreen.storyboard */,
				F4E7FAB71FAB06E200A1F7E0 /* Info.plist */,
				F4E7FAB81FAB06E200A1F7E0 /* main.m */,
				F4E7FACD1FAB074C00A1F7E0 /* FQFrameWork.framework */,
			);
			path = FQDemo;
			sourceTree = "<group>";
		};
		F4E7FAC11FAB06E300A1F7E0 /* FQDemoTests */ = {
			isa = PBXGroup;
			children = (
				F4E7FAC21FAB06E300A1F7E0 /* FQDemoTests.m */,
				F4E7FAC41FAB06E300A1F7E0 /* Info.plist */,
			);
			path = FQDemoTests;
			sourceTree = "<group>";
		};
		F4E7FACF1FAB07D400A1F7E0 /* Frameworks */ = {
			isa = PBXGroup;
			children = (
				F4E7FAD01FAB21A900A1F7E0 /* libsqlite3.tbd */,
			);
			name = Frameworks;
			sourceTree = "<group>";
		};
/* End PBXGroup section */

/* Begin PBXNativeTarget section */
		F4E7FAA51FAB06E200A1F7E0 /* FQDemo */ = {
			isa = PBXNativeTarget;
			buildConfigurationList = F4E7FAC71FAB06E300A1F7E0 /* Build configuration list for PBXNativeTarget "FQDemo" */;
			buildPhases = (
				F4E7FAA21FAB06E200A1F7E0 /* Sources */,
				F4E7FAA31FAB06E200A1F7E0 /* Frameworks */,
				F4E7FAA41FAB06E200A1F7E0 /* Resources */,
			);
			buildRules = (
			);
			dependencies = (
			);
			name = FQDemo;
			productName = FQDemo;
			productReference = F4E7FAA61FAB06E200A1F7E0 /* FQDemo.app */;
			productType = "com.apple.product-type.application";
		};
		F4E7FABD1FAB06E300A1F7E0 /* FQDemoTests */ = {
			isa = PBXNativeTarget;
			buildConfigurationList = F4E7FACA1FAB06E300A1F7E0 /* Build configuration list for PBXNativeTarget "FQDemoTests" */;
			buildPhases = (
				F4E7FABA1FAB06E300A1F7E0 /* Sources */,
				F4E7FABB1FAB06E300A1F7E0 /* Frameworks */,
				F4E7FABC1FAB06E300A1F7E0 /* Resources */,
			);
			buildRules = (
			);
			dependencies = (
				F4E7FAC01FAB06E300A1F7E0 /* PBXTargetDependency */,
			);
			name = FQDemoTests;
			productName = FQDemoTests;
			productReference = F4E7FABE1FAB06E300A1F7E0 /* FQDemoTests.xctest */;
			productType = "com.apple.product-type.bundle.unit-test";
		};
/* End PBXNativeTarget section */

/* Begin PBXProject section */
		F4E7FA9E1FAB06E200A1F7E0 /* Project object */ = {
			isa = PBXProject;
			attributes = {
				LastUpgradeCheck = 0910;
				ORGANIZATIONNAME = fanqie;
				TargetAttributes = {
					F4E7FAA51FAB06E200A1F7E0 = {
						CreatedOnToolsVersion = 9.1;
						ProvisioningStyle = Automatic;
						SystemCapabilities = {
							com.apple.BackgroundModes = {
								enabled = 1;
							};
						};
					};
					F4E7FABD1FAB06E300A1F7E0 = {
						CreatedOnToolsVersion = 9.1;
						ProvisioningStyle = Automatic;
						TestTargetID = F4E7FAA51FAB06E200A1F7E0;
					};
				};
			};
			buildConfigurationList = F4E7FAA11FAB06E200A1F7E0 /* Build configuration list for PBXProject "FQDemo" */;
			compatibilityVersion = "Xcode 8.0";
			developmentRegion = en;
			hasScannedForEncodings = 0;
			knownRegions = (
				en,
				Base,
			);
			mainGroup = F4E7FA9D1FAB06E200A1F7E0;
			productRefGroup = F4E7FAA71FAB06E200A1F7E0 /* Products */;
			projectDirPath = "";
			projectRoot = "";
			targets = (
				F4E7FAA51FAB06E200A1F7E0 /* FQDemo */,
				F4E7FABD1FAB06E300A1F7E0 /* FQDemoTests */,
			);
		};
/* End PBXProject section */

/* Begin PBXResourcesBuildPhase section */
		F4E7FAA41FAB06E200A1F7E0 /* Resources */ = {
			isa = PBXResourcesBuildPhase;
			buildActionMask = 2147483647;
			files = (
				F4E7FAB61FAB06E200A1F7E0 /* LaunchScreen.storyboard in Resources */,
				F4E7FAB31FAB06E200A1F7E0 /* Assets.xcassets in Resources */,
				F4E7FAB11FAB06E200A1F7E0 /* Main.storyboard in Resources */,
			);
			runOnlyForDeploymentPostprocessing = 0;
		};
		F4E7FABC1FAB06E300A1F7E0 /* Resources */ = {
			isa = PBXResourcesBuildPhase;
			buildActionMask = 2147483647;
			files = (
			);
			runOnlyForDeploymentPostprocessing = 0;
		};
/* End PBXResourcesBuildPhase section */

/* Begin PBXSourcesBuildPhase section */
		F4E7FAA21FAB06E200A1F7E0 /* Sources */ = {
			isa = PBXSourcesBuildPhase;
			buildActionMask = 2147483647;
			files = (
				F4E7FAB91FAB06E200A1F7E0 /* main.m in Sources */,
				F4E7FAAE1FAB06E200A1F7E0 /* ViewController.m in Sources */,
				F4E7FAAB1FAB06E200A1F7E0 /* AppDelegate.m in Sources */,
			);
			runOnlyForDeploymentPostprocessing = 0;
		};
		F4E7FABA1FAB06E300A1F7E0 /* Sources */ = {
			isa = PBXSourcesBuildPhase;
			buildActionMask = 2147483647;
			files = (
				F4E7FAC31FAB06E300A1F7E0 /* FQDemoTests.m in Sources */,
			);
			runOnlyForDeploymentPostprocessing = 0;
		};
/* End PBXSourcesBuildPhase section */

/* Begin PBXTargetDependency section */
		F4E7FAC01FAB06E300A1F7E0 /* PBXTargetDependency */ = {
			isa = PBXTargetDependency;
			target = F4E7FAA51FAB06E200A1F7E0 /* FQDemo */;
			targetProxy = F4E7FABF1FAB06E300A1F7E0 /* PBXContainerItemProxy */;
		};
/* End PBXTargetDependency section */

/* Begin PBXVariantGroup section */
		F4E7FAAF1FAB06E200A1F7E0 /* Main.storyboard */ = {
			isa = PBXVariantGroup;
			children = (
				F4E7FAB01FAB06E200A1F7E0 /* Base */,
			);
			name = Main.storyboard;
			sourceTree = "<group>";
		};
		F4E7FAB41FAB06E200A1F7E0 /* LaunchScreen.storyboard */ = {
			isa = PBXVariantGroup;
			children = (
				F4E7FAB51FAB06E200A1F7E0 /* Base */,
			);
			name = LaunchScreen.storyboard;
			sourceTree = "<group>";
		};
/* End PBXVariantGroup section */

/* Begin XCBuildConfiguration section */
		F4E7FAC51FAB06E300A1F7E0 /* Debug */ = {
			isa = XCBuildConfiguration;
			buildSettings = {
				ALWAYS_SEARCH_USER_PATHS = NO;
				CLANG_ANALYZER_NONNULL = YES;
				CLANG_ANALYZER_NUMBER_OBJECT_CONVERSION = YES_AGGRESSIVE;
				CLANG_CXX_LANGUAGE_STANDARD = "gnu++14";
				CLANG_CXX_LIBRARY = "libc++";
				CLANG_ENABLE_MODULES = YES;
				CLANG_ENABLE_OBJC_ARC = YES;
				CLANG_WARN_BLOCK_CAPTURE_AUTORELEASING = YES;
				CLANG_WARN_BOOL_CONVERSION = YES;
				CLANG_WARN_COMMA = YES;
				CLANG_WARN_CONSTANT_CONVERSION = YES;
				CLANG_WARN_DIRECT_OBJC_ISA_USAGE = YES_ERROR;
				CLANG_WARN_DOCUMENTATION_COMMENTS = YES;
				CLANG_WARN_EMPTY_BODY = YES;
				CLANG_WARN_ENUM_CONVERSION = YES;
				CLANG_WARN_INFINITE_RECURSION = YES;
				CLANG_WARN_INT_CONVERSION = YES;
				CLANG_WARN_NON_LITERAL_NULL_CONVERSION = YES;
				CLANG_WARN_OBJC_LITERAL_CONVERSION = YES;
				CLANG_WARN_OBJC_ROOT_CLASS = YES_ERROR;
				CLANG_WARN_RANGE_LOOP_ANALYSIS = YES;
				CLANG_WARN_STRICT_PROTOTYPES = YES;
				CLANG_WARN_SUSPICIOUS_MOVE = YES;
				CLANG_WARN_UNGUARDED_AVAILABILITY = YES_AGGRESSIVE;
				CLANG_WARN_UNREACHABLE_CODE = YES;
				CLANG_WARN__DUPLICATE_METHOD_MATCH = YES;
				CODE_SIGN_IDENTITY = "iPhone Developer";
				COPY_PHASE_STRIP = NO;
				DEBUG_INFORMATION_FORMAT = dwarf;
				ENABLE_STRICT_OBJC_MSGSEND = YES;
				ENABLE_TESTABILITY = YES;
				GCC_C_LANGUAGE_STANDARD = gnu11;
				GCC_DYNAMIC_NO_PIC = NO;
				GCC_NO_COMMON_BLOCKS = YES;
				GCC_OPTIMIZATION_LEVEL = 0;
				GCC_PREPROCESSOR_DEFINITIONS = (
					"DEBUG=1",
					"$(inherited)",
				);
				GCC_WARN_64_TO_32_BIT_CONVERSION = YES;
				GCC_WARN_ABOUT_RETURN_TYPE = YES_ERROR;
				GCC_WARN_UNDECLARED_SELECTOR = YES;
				GCC_WARN_UNINITIALIZED_AUTOS = YES_AGGRESSIVE;
				GCC_WARN_UNUSED_FUNCTION = YES;
				GCC_WARN_UNUSED_VARIABLE = YES;
				IPHONEOS_DEPLOYMENT_TARGET = 9.0;
				MTL_ENABLE_DEBUG_INFO = YES;
				ONLY_ACTIVE_ARCH = YES;
				SDKROOT = iphoneos;
			};
			name = Debug;
		};
		F4E7FAC61FAB06E300A1F7E0 /* Release */ = {
			isa = XCBuildConfiguration;
			buildSettings = {
				ALWAYS_SEARCH_USER_PATHS = NO;
				CLANG_ANALYZER_NONNULL = YES;
				CLANG_ANALYZER_NUMBER_OBJECT_CONVERSION = YES_AGGRESSIVE;
				CLANG_CXX_LANGUAGE_STANDARD = "gnu++14";
				CLANG_CXX_LIBRARY = "libc++";
				CLANG_ENABLE_MODULES = YES;
				CLANG_ENABLE_OBJC_ARC = YES;
				CLANG_WARN_BLOCK_CAPTURE_AUTORELEASING = YES;
				CLANG_WARN_BOOL_CONVERSION = YES;
				CLANG_WARN_COMMA = YES;
				CLANG_WARN_CONSTANT_CONVERSION = YES;
				CLANG_WARN_DIRECT_OBJC_ISA_USAGE = YES_ERROR;
				CLANG_WARN_DOCUMENTATION_COMMENTS = YES;
				CLANG_WARN_EMPTY_BODY = YES;
				CLANG_WARN_ENUM_CONVERSION = YES;
				CLANG_WARN_INFINITE_RECURSION = YES;
				CLANG_WARN_INT_CONVERSION = YES;
				CLANG_WARN_NON_LITERAL_NULL_CONVERSION = YES;
				CLANG_WARN_OBJC_LITERAL_CONVERSION = YES;
				CLANG_WARN_OBJC_ROOT_CLASS = YES_ERROR;
				CLANG_WARN_RANGE_LOOP_ANALYSIS = YES;
				CLANG_WARN_STRICT_PROTOTYPES = YES;
				CLANG_WARN_SUSPICIOUS_MOVE = YES;
				CLANG_WARN_UNGUARDED_AVAILABILITY = YES_AGGRESSIVE;
				CLANG_WARN_UNREACHABLE_CODE = YES;
				CLANG_WARN__DUPLICATE_METHOD_MATCH = YES;
				CODE_SIGN_IDENTITY = "iPhone Developer";
				COPY_PHASE_STRIP = NO;
				DEBUG_INFORMATION_FORMAT = "dwarf-with-dsym";
				ENABLE_NS_ASSERTIONS = NO;
				ENABLE_STRICT_OBJC_MSGSEND = YES;
				GCC_C_LANGUAGE_STANDARD = gnu11;
				GCC_NO_COMMON_BLOCKS = YES;
				GCC_WARN_64_TO_32_BIT_CONVERSION = YES;
				GCC_WARN_ABOUT_RETURN_TYPE = YES_ERROR;
				GCC_WARN_UNDECLARED_SELECTOR = YES;
				GCC_WARN_UNINITIALIZED_AUTOS = YES_AGGRESSIVE;
				GCC_WARN_UNUSED_FUNCTION = YES;
				GCC_WARN_UNUSED_VARIABLE = YES;
				IPHONEOS_DEPLOYMENT_TARGET = 9.0;
				MTL_ENABLE_DEBUG_INFO = NO;
				SDKROOT = iphoneos;
				VALIDATE_PRODUCT = YES;
			};
			name = Release;
		};
		F4E7FAC81FAB06E300A1F7E0 /* Debug */ = {
			isa = XCBuildConfiguration;
			buildSettings = {
				ASSETCATALOG_COMPILER_APPICON_NAME = AppIcon;
				CODE_SIGN_STYLE = Automatic;
				DEVELOPMENT_TEAM = T7ZVA4FQ37;
				FRAMEWORK_SEARCH_PATHS = (
					"$(inherited)",
					"$(PROJECT_DIR)/FQDemo",
				);
				INFOPLIST_FILE = FQDemo/Info.plist;
				LD_RUNPATH_SEARCH_PATHS = "$(inherited) @executable_path/Frameworks";
				PRODUCT_BUNDLE_IDENTIFIER = com.fanqie.FQDemo;
				PRODUCT_NAME = "$(TARGET_NAME)";
				TARGETED_DEVICE_FAMILY = "1,2";
			};
			name = Debug;
		};
		F4E7FAC91FAB06E300A1F7E0 /* Release */ = {
			isa = XCBuildConfiguration;
			buildSettings = {
				ASSETCATALOG_COMPILER_APPICON_NAME = AppIcon;
				CODE_SIGN_STYLE = Automatic;
				DEVELOPMENT_TEAM = T7ZVA4FQ37;
				FRAMEWORK_SEARCH_PATHS = (
					"$(inherited)",
					"$(PROJECT_DIR)/FQDemo",
				);
				INFOPLIST_FILE = FQDemo/Info.plist;
				LD_RUNPATH_SEARCH_PATHS = "$(inherited) @executable_path/Frameworks";
				PRODUCT_BUNDLE_IDENTIFIER = com.fanqie.FQDemo;
				PRODUCT_NAME = "$(TARGET_NAME)";
				TARGETED_DEVICE_FAMILY = "1,2";
			};
			name = Release;
		};
		F4E7FACB1FAB06E300A1F7E0 /* Debug */ = {
			isa = XCBuildConfiguration;
			buildSettings = {
				BUNDLE_LOADER = "$(TEST_HOST)";
				CODE_SIGN_STYLE = Automatic;
				DEVELOPMENT_TEAM = T7ZVA4FQ37;
				INFOPLIST_FILE = FQDemoTests/Info.plist;
				LD_RUNPATH_SEARCH_PATHS = "$(inherited) @executable_path/Frameworks @loader_path/Frameworks";
				PRODUCT_BUNDLE_IDENTIFIER = com.fanqie.FQDemoTests;
				PRODUCT_NAME = "$(TARGET_NAME)";
				TARGETED_DEVICE_FAMILY = "1,2";
				TEST_HOST = "$(BUILT_PRODUCTS_DIR)/FQDemo.app/FQDemo";
			};
			name = Debug;
		};
		F4E7FACC1FAB06E300A1F7E0 /* Release */ = {
			isa = XCBuildConfiguration;
			buildSettings = {
				BUNDLE_LOADER = "$(TEST_HOST)";
				CODE_SIGN_STYLE = Automatic;
				DEVELOPMENT_TEAM = T7ZVA4FQ37;
				INFOPLIST_FILE = FQDemoTests/Info.plist;
				LD_RUNPATH_SEARCH_PATHS = "$(inherited) @executable_path/Frameworks @loader_path/Frameworks";
				PRODUCT_BUNDLE_IDENTIFIER = com.fanqie.FQDemoTests;
				PRODUCT_NAME = "$(TARGET_NAME)";
				TARGETED_DEVICE_FAMILY = "1,2";
				TEST_HOST = "$(BUILT_PRODUCTS_DIR)/FQDemo.app/FQDemo";
			};
			name = Release;
		};
/* End XCBuildConfiguration section */

/* Begin XCConfigurationList section */
		F4E7FAA11FAB06E200A1F7E0 /* Build configuration list for PBXProject "FQDemo" */ = {
			isa = XCConfigurationList;
			buildConfigurations = (
				F4E7FAC51FAB06E300A1F7E0 /* Debug */,
				F4E7FAC61FAB06E300A1F7E0 /* Release */,
			);
			defaultConfigurationIsVisible = 0;
			defaultConfigurationName = Release;
		};
		F4E7FAC71FAB06E300A1F7E0 /* Build configuration list for PBXNativeTarget "FQDemo" */ = {
			isa = XCConfigurationList;
			buildConfigurations = (
				F4E7FAC81FAB06E300A1F7E0 /* Debug */,
				F4E7FAC91FAB06E300A1F7E0 /* Release */,
			);
			defaultConfigurationIsVisible = 0;
			defaultConfigurationName = Release;
		};
		F4E7FACA1FAB06E300A1F7E0 /* Build configuration list for PBXNativeTarget "FQDemoTests" */ = {
			isa = XCConfigurationList;
			buildConfigurations = (
				F4E7FACB1FAB06E300A1F7E0 /* Debug */,
				F4E7FACC1FAB06E300A1F7E0 /* Release */,
			);
			defaultConfigurationIsVisible = 0;
			defaultConfigurationName = Release;
		};
/* End XCConfigurationList section */
	};
	rootObject = F4E7FA9E1FAB06E200A1F7E0 /* Project object */;
}
